Microsoft Visual Studio Solution File, Format Version 11.00
# Visual Studio 2008

Project("{F56FC168-CDB3-47A9-86C9-3C66A3FD1307}") = "Block Break", "Assembly-CSharp.csproj", "{43DA1A14-D65D-733C-DEB5-253E83F32766}"
EndProject
Global
	GlobalSection(SolutionConfigurationPlatforms) = preSolution
		Debug|Any CPU = Debug|Any CPU
		Release|Any CPU = Release|Any CPU
	EndGlobalSection
	GlobalSection(ProjectConfigurationPlatforms) = postSolution
		{43DA1A14-D65D-733C-DEB5-253E83F32766}.Debug|Any CPU.ActiveCfg = Debug|Any CPU
		{43DA1A14-D65D-733C-DEB5-253E83F32766}.Debug|Any CPU.Build.0 = Debug|Any CPU
		{43DA1A14-D65D-733C-DEB5-253E83F32766}.Release|Any CPU.ActiveCfg = Release|Any CPU
		{43DA1A14-D65D-733C-DEB5-253E83F32766}.Release|Any CPU.Build.0 = Release|Any CPU
	EndGlobalSection
	GlobalSection(SolutionProperties) = preSolution
		HideSolutionNode = FALSE
	EndGlobalSection
	GlobalSection(MonoDevelopProperties) = preSolution
		StartupItem = Assembly-CSharp.csproj
	EndGlobalSection
EndGlobal
